# This file is automatically @generated by Cargo.
# It is not intended for manual editing.
[[package]]
name = "feo-asset"
version = "0.1.0"

[[package]]
name = "feo-audio"
version = "0.1.0"

[[package]]
name = "feo-color"
version = "0.1.0"

[[package]]
name = "feo-debug"
version = "0.1.0"

[[package]]
name = "feo-file"
version = "0.1.0"

[[package]]
name = "feo-input"
version = "0.1.0"

[[package]]
name = "feo-math"
version = "0.1.0"

[[package]]
name = "feo-memory"
version = "0.1.0"

[[package]]
name = "feo-physics"
version = "0.1.0"

[[package]]
name = "feo-plug"
version = "0.1.0"

[[package]]
name = "feo-render"
version = "0.1.0"

[[package]]
name = "feo-runtime"
version = "0.1.0"

[[package]]
name = "feo-sdk"
version = "0.1.0"
