# This file is automatically @generated by Cargo.
# It is not intended for manual editing.
version = 4

[[package]]
name = "feo-asset"
version = "0.0.1"

[[package]]
name = "feo-audio"
version = "0.0.1"

[[package]]
name = "feo-color"
version = "0.0.1"

[[package]]
name = "feo-debug"
version = "0.0.1"

[[package]]
name = "feo-file"
version = "0.0.1"

[[package]]
name = "feo-gui"
version = "0.0.1"

[[package]]
name = "feo-input"
version = "0.0.1"

[[package]]
name = "feo-math"
version = "0.0.1"

[[package]]
name = "feo-memory"
version = "0.0.1"

[[package]]
name = "feo-physics"
version = "0.0.1"

[[package]]
name = "feo-plug"
version = "0.0.1"

[[package]]
name = "feo-render"
version = "0.0.1"

[[package]]
name = "feo-runtime"
version = "0.0.1"

[[package]]
name = "feo-sdk"
version = "0.0.1"

[[package]]
name = "feo-system"
version = "0.0.1"

[[package]]
name = "feo-time"
version = "0.0.1"
